<?xml version="1.0" encoding="utf-8"?>
<Project ToolsVersion="4.0" xmlns="http://schemas.microsoft.com/developer/msbuild/2003">
  <ItemGroup>
    <ClInclude Include="Public\EntropyCore.h" />
    <ClInclude Include="Public\Scene.h" />
    <ClInclude Include="Private\RendererFactory.h" />
  </ItemGroup>
  <ItemGroup>
    <ClCompile Include="Private\EntropyCore.cpp" />
    <ClCompile Include="Private\Scene.cpp" />
    <ClCompile Include="Private\RendererFactory.cpp" />
  </ItemGroup>
</Project>