<?xml version="1.0" encoding="utf-8"?>
<Project ToolsVersion="4.0" xmlns="http://schemas.microsoft.com/developer/msbuild/2003">
  <ItemGroup>
    <Filter Include="Resource Files">
      <UniqueIdentifier>{D9D6E242-F8AF-46E4-B9FD-80ECBC20BA3E}</UniqueIdentifier>
      <Extensions>qrc;*</Extensions>
      <ParseFiles>false</ParseFiles>
    </Filter>
    <Filter Include="Form Files">
      <UniqueIdentifier>{99349809-55BA-4b9d-BF79-8FDBB0286EB3}</UniqueIdentifier>
      <Extensions>ui</Extensions>
    </Filter>
    <Filter Include="Resource Files">
      <UniqueIdentifier>{D9D6E242-F8AF-46E4-B9FD-80ECBC20BA3E}</UniqueIdentifier>
      <Extensions>qrc;*</Extensions>
      <ParseFiles>false</ParseFiles>
    </Filter>
    <Filter Include="Generated Files">
      <UniqueIdentifier>{71ED8ED8-ACB9-4CE9-BBE1-E00B30144E11}</UniqueIdentifier>
      <Extensions>moc;h;cpp</Extensions>
      <SourceControlFiles>False</SourceControlFiles>
    </Filter>
    <Filter Include="Private">
      <UniqueIdentifier>{1ee0ea25-7166-45d6-903d-f77e62af45fe}</UniqueIdentifier>
    </Filter>
    <Filter Include="RenderWidgets">
      <UniqueIdentifier>{03790c55-43bf-4488-9a75-b1a719bc4e99}</UniqueIdentifier>
    </Filter>
  </ItemGroup>
  <ItemGroup>
    <ResourceCompile Include="GUI\Editor.rc" />
  </ItemGroup>
  <ItemGroup>
    <QtRcc Include="GUI\EntropyMainWindow.qrc">
      <Filter>Resource Files</Filter>
    </QtRcc>
  </ItemGroup>
  <ItemGroup>
    <ClCompile Include="Private\main.cpp">
      <Filter>Private</Filter>
    </ClCompile>
    <ClCompile Include="Private\stdafx.cpp">
      <Filter>Private</Filter>
    </ClCompile>
    <ClCompile Include="Private\EntropyMainWindow.cpp">
      <Filter>Private</Filter>
    </ClCompile>
    <ClCompile Include="Private\RenderWidget.cpp">
      <Filter>RenderWidgets</Filter>
    </ClCompile>
  </ItemGroup>
  <ItemGroup>
    <QtMoc Include="Private\EntropyMainWindow.h">
      <Filter>Private</Filter>
    </QtMoc>
    <QtMoc Include="Private\RenderWidget.h">
      <Filter>RenderWidgets</Filter>
    </QtMoc>
  </ItemGroup>
  <ItemGroup>
    <ClInclude Include="Private\stdafx.h">
      <Filter>Private</Filter>
    </ClInclude>
  </ItemGroup>
  <ItemGroup>
    <QtUic Include="GUI\EntropyMainWindow.ui">
      <Filter>Form Files</Filter>
    </QtUic>
  </ItemGroup>
</Project>